{
  "nodes": {
    "flake-parts": {
      "inputs": {
        "nixpkgs": [
          "nixpkgs"
        ]
      },
      "locked": {
        "lastModified": 1661009076,
        "narHash": "sha256-phAE40gctVygRq3G3B6LhvD7u2qdQT21xsz8DdRDYFo=",
        "owner": "hercules-ci",
        "repo": "flake-parts",
        "rev": "850d8a76026127ef02f040fb0dcfdb8b749dd9d9",
        "type": "github"
      },
      "original": {
        "owner": "hercules-ci",
        "repo": "flake-parts",
        "type": "github"
      }
    },
    "nixpkgs": {
      "locked": {
        "lastModified": 1662911228,
        "narHash": "sha256-oJOrB2lEeBLaO8g1DKG5PK9a1zyOWypkscrEfxxEj8A=",
        "owner": "NixOS",
        "repo": "nixpkgs",
        "rev": "c97e777ff06fcb8d37dcdf5e21e9eff1f34f0e90",
        "type": "github"
      },
      "original": {
        "owner": "NixOS",
        "ref": "nixos-unstable",
        "repo": "nixpkgs",
        "type": "github"
      }
    },
    "root": {
      "inputs": {
        "flake-parts": "flake-parts",
        "nixpkgs": "nixpkgs"
      }
    }
  },
  "root": "root",
  "version": 7
}
